// !$*UTF8*$!
{
	archiveVersion = 1;
	classes = {
	};
	objectVersion = 46;
	objects = {

/* Begin PBXBuildFile section */
		81153AD81BD6887C00DCCFE4 /* AppDelegate.swift in Sources */ = {isa = PBXBuildFile; fileRef = 81153AD71BD6887C00DCCFE4 /* AppDelegate.swift */; };
		81153ADA1BD6887C00DCCFE4 /* ViewController.swift in Sources */ = {isa = PBXBuildFile; fileRef = 81153AD91BD6887C00DCCFE4 /* ViewController.swift */; };
		81153ADD1BD6887C00DCCFE4 /* Main.storyboard in Resources */ = {isa = PBXBuildFile; fileRef = 81153ADB1BD6887C00DCCFE4 /* Main.storyboard */; };
		81153ADF1BD6887C00DCCFE4 /* Images.xcassets in Resources */ = {isa = PBXBuildFile; fileRef = 81153ADE1BD6887C00DCCFE4 /* Images.xcassets */; };
		81153AE21BD6887C00DCCFE4 /* LaunchScreen.xib in Resources */ = {isa = PBXBuildFile; fileRef = 81153AE01BD6887C00DCCFE4 /* LaunchScreen.xib */; };
		81153AEE1BD6887C00DCCFE4 /* AccountaBuddiesTests.swift in Sources */ = {isa = PBXBuildFile; fileRef = 81153AED1BD6887C00DCCFE4 /* AccountaBuddiesTests.swift */; };
		81153B171BD69CC800DCCFE4 /* Alamofire.framework in Frameworks */ = {isa = PBXBuildFile; fileRef = 81153B001BD6888E00DCCFE4 /* Alamofire.framework */; };
		81153B181BD69CC800DCCFE4 /* Alamofire.framework in Embed Frameworks */ = {isa = PBXBuildFile; fileRef = 81153B001BD6888E00DCCFE4 /* Alamofire.framework */; settings = {ATTRIBUTES = (CodeSignOnCopy, RemoveHeadersOnCopy, ); }; };
/* End PBXBuildFile section */

/* Begin PBXContainerItemProxy section */
		81153AE81BD6887C00DCCFE4 /* PBXContainerItemProxy */ = {
			isa = PBXContainerItemProxy;
			containerPortal = 81153ACA1BD6887C00DCCFE4 /* Project object */;
			proxyType = 1;
			remoteGlobalIDString = 81153AD11BD6887C00DCCFE4;
			remoteInfo = AccountaBuddies;
		};
		81153AFF1BD6888E00DCCFE4 /* PBXContainerItemProxy */ = {
			isa = PBXContainerItemProxy;
			containerPortal = 81153AF71BD6888E00DCCFE4 /* Alamofire.xcodeproj */;
			proxyType = 2;
			remoteGlobalIDString = F8111E3319A95C8B0040E7D1;
			remoteInfo = "Alamofire iOS";
		};
		81153B011BD6888E00DCCFE4 /* PBXContainerItemProxy */ = {
			isa = PBXContainerItemProxy;
			containerPortal = 81153AF71BD6888E00DCCFE4 /* Alamofire.xcodeproj */;
			proxyType = 2;
			remoteGlobalIDString = 4DD67C0B1A5C55C900ED2280;
			remoteInfo = "Alamofire OSX";
		};
		81153B031BD6888E00DCCFE4 /* PBXContainerItemProxy */ = {
			isa = PBXContainerItemProxy;
			containerPortal = 81153AF71BD6888E00DCCFE4 /* Alamofire.xcodeproj */;
			proxyType = 2;
			remoteGlobalIDString = E4202FE01B667AA100C997FB;
			remoteInfo = "Alamofire watchOS";
		};
		81153B051BD6888E00DCCFE4 /* PBXContainerItemProxy */ = {
			isa = PBXContainerItemProxy;
			containerPortal = 81153AF71BD6888E00DCCFE4 /* Alamofire.xcodeproj */;
			proxyType = 2;
			remoteGlobalIDString = F8111E3E19A95C8B0040E7D1;
			remoteInfo = "Alamofire iOS Tests";
		};
		81153B071BD6888E00DCCFE4 /* PBXContainerItemProxy */ = {
			isa = PBXContainerItemProxy;
			containerPortal = 81153AF71BD6888E00DCCFE4 /* Alamofire.xcodeproj */;
			proxyType = 2;
			remoteGlobalIDString = F829C6B21A7A94F100A2CD59;
			remoteInfo = "Alamofire OSX Tests";
		};
		81153B0D1BD688C400DCCFE4 /* PBXContainerItemProxy */ = {
			isa = PBXContainerItemProxy;
			containerPortal = 81153AF71BD6888E00DCCFE4 /* Alamofire.xcodeproj */;
			proxyType = 1;
			remoteGlobalIDString = F8111E3219A95C8B0040E7D1;
			remoteInfo = "Alamofire iOS";
		};
		81153B151BD69CBB00DCCFE4 /* PBXContainerItemProxy */ = {
			isa = PBXContainerItemProxy;
			containerPortal = 81153AF71BD6888E00DCCFE4 /* Alamofire.xcodeproj */;
			proxyType = 1;
			remoteGlobalIDString = E4202FCD1B667AA100C997FB;
			remoteInfo = "Alamofire watchOS";
		};
		81153B191BD69CC800DCCFE4 /* PBXContainerItemProxy */ = {
			isa = PBXContainerItemProxy;
			containerPortal = 81153AF71BD6888E00DCCFE4 /* Alamofire.xcodeproj */;
			proxyType = 1;
			remoteGlobalIDString = F8111E3219A95C8B0040E7D1;
			remoteInfo = "Alamofire iOS";
		};
/* End PBXContainerItemProxy section */

/* Begin PBXCopyFilesBuildPhase section */
		81153B1B1BD69CC900DCCFE4 /* Embed Frameworks */ = {
			isa = PBXCopyFilesBuildPhase;
			buildActionMask = 2147483647;
			dstPath = "";
			dstSubfolderSpec = 10;
			files = (
				81153B181BD69CC800DCCFE4 /* Alamofire.framework in Embed Frameworks */,
			);
			name = "Embed Frameworks";
			runOnlyForDeploymentPostprocessing = 0;
		};
/* End PBXCopyFilesBuildPhase section */

/* Begin PBXFileReference section */
		81153AD21BD6887C00DCCFE4 /* AccountaBuddies.app */ = {isa = PBXFileReference; explicitFileType = wrapper.application; includeInIndex = 0; path = AccountaBuddies.app; sourceTree = BUILT_PRODUCTS_DIR; };
		81153AD61BD6887C00DCCFE4 /* Info.plist */ = {isa = PBXFileReference; lastKnownFileType = text.plist.xml; path = Info.plist; sourceTree = "<group>"; };
		81153AD71BD6887C00DCCFE4 /* AppDelegate.swift */ = {isa = PBXFileReference; lastKnownFileType = sourcecode.swift; path = AppDelegate.swift; sourceTree = "<group>"; };
		81153AD91BD6887C00DCCFE4 /* ViewController.swift */ = {isa = PBXFileReference; lastKnownFileType = sourcecode.swift; path = ViewController.swift; sourceTree = "<group>"; };
		81153ADC1BD6887C00DCCFE4 /* Base */ = {isa = PBXFileReference; lastKnownFileType = file.storyboard; name = Base; path = Base.lproj/Main.storyboard; sourceTree = "<group>"; };
		81153ADE1BD6887C00DCCFE4 /* Images.xcassets */ = {isa = PBXFileReference; lastKnownFileType = folder.assetcatalog; path = Images.xcassets; sourceTree = "<group>"; };
		81153AE11BD6887C00DCCFE4 /* Base */ = {isa = PBXFileReference; lastKnownFileType = file.xib; name = Base; path = Base.lproj/LaunchScreen.xib; sourceTree = "<group>"; };
		81153AE71BD6887C00DCCFE4 /* AccountaBuddiesTests.xctest */ = {isa = PBXFileReference; explicitFileType = wrapper.cfbundle; includeInIndex = 0; path = AccountaBuddiesTests.xctest; sourceTree = BUILT_PRODUCTS_DIR; };
		81153AEC1BD6887C00DCCFE4 /* Info.plist */ = {isa = PBXFileReference; lastKnownFileType = text.plist.xml; path = Info.plist; sourceTree = "<group>"; };
		81153AED1BD6887C00DCCFE4 /* AccountaBuddiesTests.swift */ = {isa = PBXFileReference; lastKnownFileType = sourcecode.swift; path = AccountaBuddiesTests.swift; sourceTree = "<group>"; };
		81153AF71BD6888E00DCCFE4 /* Alamofire.xcodeproj */ = {isa = PBXFileReference; lastKnownFileType = "wrapper.pb-project"; name = Alamofire.xcodeproj; path = "Alamofire-master/Alamofire.xcodeproj"; sourceTree = "<group>"; };
/* End PBXFileReference section */

/* Begin PBXFrameworksBuildPhase section */
		81153ACF1BD6887C00DCCFE4 /* Frameworks */ = {
			isa = PBXFrameworksBuildPhase;
			buildActionMask = 2147483647;
			files = (
				81153B171BD69CC800DCCFE4 /* Alamofire.framework in Frameworks */,
			);
			runOnlyForDeploymentPostprocessing = 0;
		};
		81153AE41BD6887C00DCCFE4 /* Frameworks */ = {
			isa = PBXFrameworksBuildPhase;
			buildActionMask = 2147483647;
			files = (
			);
			runOnlyForDeploymentPostprocessing = 0;
		};
/* End PBXFrameworksBuildPhase section */

/* Begin PBXGroup section */
		81153AC91BD6887C00DCCFE4 = {
			isa = PBXGroup;
			children = (
				81153AF71BD6888E00DCCFE4 /* Alamofire.xcodeproj */,
				81153AD41BD6887C00DCCFE4 /* AccountaBuddies */,
				81153AEA1BD6887C00DCCFE4 /* AccountaBuddiesTests */,
				81153AD31BD6887C00DCCFE4 /* Products */,
			);
			sourceTree = "<group>";
		};
		81153AD31BD6887C00DCCFE4 /* Products */ = {
			isa = PBXGroup;
			children = (
				81153AD21BD6887C00DCCFE4 /* AccountaBuddies.app */,
				81153AE71BD6887C00DCCFE4 /* AccountaBuddiesTests.xctest */,
			);
			name = Products;
			sourceTree = "<group>";
		};
		81153AD41BD6887C00DCCFE4 /* AccountaBuddies */ = {
			isa = PBXGroup;
			children = (
				81153AD71BD6887C00DCCFE4 /* AppDelegate.swift */,
				81153AD91BD6887C00DCCFE4 /* ViewController.swift */,
				81153ADB1BD6887C00DCCFE4 /* Main.storyboard */,
				81153ADE1BD6887C00DCCFE4 /* Images.xcassets */,
				81153AE01BD6887C00DCCFE4 /* LaunchScreen.xib */,
				81153AD51BD6887C00DCCFE4 /* Supporting Files */,
			);
			path = AccountaBuddies;
			sourceTree = "<group>";
		};
		81153AD51BD6887C00DCCFE4 /* Supporting Files */ = {
			isa = PBXGroup;
			children = (
				81153AD61BD6887C00DCCFE4 /* Info.plist */,
			);
			name = "Supporting Files";
			sourceTree = "<group>";
		};
		81153AEA1BD6887C00DCCFE4 /* AccountaBuddiesTests */ = {
			isa = PBXGroup;
			children = (
				81153AED1BD6887C00DCCFE4 /* AccountaBuddiesTests.swift */,
				81153AEB1BD6887C00DCCFE4 /* Supporting Files */,
			);
			path = AccountaBuddiesTests;
			sourceTree = "<group>";
		};
		81153AEB1BD6887C00DCCFE4 /* Supporting Files */ = {
			isa = PBXGroup;
			children = (
				81153AEC1BD6887C00DCCFE4 /* Info.plist */,
			);
			name = "Supporting Files";
			sourceTree = "<group>";
		};
		81153AF81BD6888E00DCCFE4 /* Products */ = {
			isa = PBXGroup;
			children = (
				81153B001BD6888E00DCCFE4 /* Alamofire.framework */,
				81153B021BD6888E00DCCFE4 /* Alamofire.framework */,
				81153B041BD6888E00DCCFE4 /* Alamofire.framework */,
				81153B061BD6888E00DCCFE4 /* Alamofire iOS Tests.xctest */,
				81153B081BD6888E00DCCFE4 /* Alamofire OSX Tests.xctest */,
			);
			name = Products;
			sourceTree = "<group>";
		};
/* End PBXGroup section */

/* Begin PBXNativeTarget section */
		81153AD11BD6887C00DCCFE4 /* AccountaBuddies */ = {
			isa = PBXNativeTarget;
			buildConfigurationList = 81153AF11BD6887C00DCCFE4 /* Build configuration list for PBXNativeTarget "AccountaBuddies" */;
			buildPhases = (
				81153ACE1BD6887C00DCCFE4 /* Sources */,
				81153ACF1BD6887C00DCCFE4 /* Frameworks */,
				81153AD01BD6887C00DCCFE4 /* Resources */,
				81153B1B1BD69CC900DCCFE4 /* Embed Frameworks */,
			);
			buildRules = (
			);
			dependencies = (
				81153B161BD69CBB00DCCFE4 /* PBXTargetDependency */,
				81153B0E1BD688C400DCCFE4 /* PBXTargetDependency */,
				81153B1A1BD69CC800DCCFE4 /* PBXTargetDependency */,
			);
			name = AccountaBuddies;
			productName = AccountaBuddies;
			productReference = 81153AD21BD6887C00DCCFE4 /* AccountaBuddies.app */;
			productType = "com.apple.product-type.application";
		};
		81153AE61BD6887C00DCCFE4 /* AccountaBuddiesTests */ = {
			isa = PBXNativeTarget;
			buildConfigurationList = 81153AF41BD6887C00DCCFE4 /* Build configuration list for PBXNativeTarget "AccountaBuddiesTests" */;
			buildPhases = (
				81153AE31BD6887C00DCCFE4 /* Sources */,
				81153AE41BD6887C00DCCFE4 /* Frameworks */,
				81153AE51BD6887C00DCCFE4 /* Resources */,
			);
			buildRules = (
			);
			dependencies = (
				81153AE91BD6887C00DCCFE4 /* PBXTargetDependency */,
			);
			name = AccountaBuddiesTests;
			productName = AccountaBuddiesTests;
			productReference = 81153AE71BD6887C00DCCFE4 /* AccountaBuddiesTests.xctest */;
			productType = "com.apple.product-type.bundle.unit-test";
		};
/* End PBXNativeTarget section */

/* Begin PBXProject section */
		81153ACA1BD6887C00DCCFE4 /* Project object */ = {
			isa = PBXProject;
			attributes = {
				LastUpgradeCheck = 0630;
				ORGANIZATIONNAME = "Tianjiao Mo";
				TargetAttributes = {
					81153AD11BD6887C00DCCFE4 = {
						CreatedOnToolsVersion = 6.3.2;
					};
					81153AE61BD6887C00DCCFE4 = {
						CreatedOnToolsVersion = 6.3.2;
						TestTargetID = 81153AD11BD6887C00DCCFE4;
					};
				};
			};
			buildConfigurationList = 81153ACD1BD6887C00DCCFE4 /* Build configuration list for PBXProject "AccountaBuddies" */;
			compatibilityVersion = "Xcode 3.2";
			developmentRegion = English;
			hasScannedForEncodings = 0;
			knownRegions = (
				en,
				Base,
			);
			mainGroup = 81153AC91BD6887C00DCCFE4;
			productRefGroup = 81153AD31BD6887C00DCCFE4 /* Products */;
			projectDirPath = "";
			projectReferences = (
				{
					ProductGroup = 81153AF81BD6888E00DCCFE4 /* Products */;
					ProjectRef = 81153AF71BD6888E00DCCFE4 /* Alamofire.xcodeproj */;
				},
			);
			projectRoot = "";
			targets = (
				81153AD11BD6887C00DCCFE4 /* AccountaBuddies */,
				81153AE61BD6887C00DCCFE4 /* AccountaBuddiesTests */,
			);
		};
/* End PBXProject section */

/* Begin PBXReferenceProxy section */
		81153B001BD6888E00DCCFE4 /* Alamofire.framework */ = {
			isa = PBXReferenceProxy;
			fileType = wrapper.framework;
			path = Alamofire.framework;
			remoteRef = 81153AFF1BD6888E00DCCFE4 /* PBXContainerItemProxy */;
			sourceTree = BUILT_PRODUCTS_DIR;
		};
		81153B021BD6888E00DCCFE4 /* Alamofire.framework */ = {
			isa = PBXReferenceProxy;
			fileType = wrapper.framework;
			path = Alamofire.framework;
			remoteRef = 81153B011BD6888E00DCCFE4 /* PBXContainerItemProxy */;
			sourceTree = BUILT_PRODUCTS_DIR;
		};
		81153B041BD6888E00DCCFE4 /* Alamofire.framework */ = {
			isa = PBXReferenceProxy;
			fileType = wrapper.framework;
			path = Alamofire.framework;
			remoteRef = 81153B031BD6888E00DCCFE4 /* PBXContainerItemProxy */;
			sourceTree = BUILT_PRODUCTS_DIR;
		};
		81153B061BD6888E00DCCFE4 /* Alamofire iOS Tests.xctest */ = {
			isa = PBXReferenceProxy;
			fileType = wrapper.cfbundle;
			path = "Alamofire iOS Tests.xctest";
			remoteRef = 81153B051BD6888E00DCCFE4 /* PBXContainerItemProxy */;
			sourceTree = BUILT_PRODUCTS_DIR;
		};
		81153B081BD6888E00DCCFE4 /* Alamofire OSX Tests.xctest */ = {
			isa = PBXReferenceProxy;
			fileType = wrapper.cfbundle;
			path = "Alamofire OSX Tests.xctest";
			remoteRef = 81153B071BD6888E00DCCFE4 /* PBXContainerItemProxy */;
			sourceTree = BUILT_PRODUCTS_DIR;
		};
/* End PBXReferenceProxy section */

/* Begin PBXResourcesBuildPhase section */
		81153AD01BD6887C00DCCFE4 /* Resources */ = {
			isa = PBXResourcesBuildPhase;
			buildActionMask = 2147483647;
			files = (
				81153ADD1BD6887C00DCCFE4 /* Main.storyboard in Resources */,
				81153AE21BD6887C00DCCFE4 /* LaunchScreen.xib in Resources */,
				81153ADF1BD6887C00DCCFE4 /* Images.xcassets in Resources */,
			);
			runOnlyForDeploymentPostprocessing = 0;
		};
		81153AE51BD6887C00DCCFE4 /* Resources */ = {
			isa = PBXResourcesBuildPhase;
			buildActionMask = 2147483647;
			files = (
			);
			runOnlyForDeploymentPostprocessing = 0;
		};
/* End PBXResourcesBuildPhase section */

/* Begin PBXSourcesBuildPhase section */
		81153ACE1BD6887C00DCCFE4 /* Sources */ = {
			isa = PBXSourcesBuildPhase;
			buildActionMask = 2147483647;
			files = (
				81153ADA1BD6887C00DCCFE4 /* ViewController.swift in Sources */,
				81153AD81BD6887C00DCCFE4 /* AppDelegate.swift in Sources */,
			);
			runOnlyForDeploymentPostprocessing = 0;
		};
		81153AE31BD6887C00DCCFE4 /* Sources */ = {
			isa = PBXSourcesBuildPhase;
			buildActionMask = 2147483647;
			files = (
				81153AEE1BD6887C00DCCFE4 /* AccountaBuddiesTests.swift in Sources */,
			);
			runOnlyForDeploymentPostprocessing = 0;
		};
/* End PBXSourcesBuildPhase section */

/* Begin PBXTargetDependency section */
		81153AE91BD6887C00DCCFE4 /* PBXTargetDependency */ = {
			isa = PBXTargetDependency;
			target = 81153AD11BD6887C00DCCFE4 /* AccountaBuddies */;
			targetProxy = 81153AE81BD6887C00DCCFE4 /* PBXContainerItemProxy */;
		};
		81153B0E1BD688C400DCCFE4 /* PBXTargetDependency */ = {
			isa = PBXTargetDependency;
			name = "Alamofire iOS";
			targetProxy = 81153B0D1BD688C400DCCFE4 /* PBXContainerItemProxy */;
		};
		81153B161BD69CBB00DCCFE4 /* PBXTargetDependency */ = {
			isa = PBXTargetDependency;
			name = "Alamofire watchOS";
			targetProxy = 81153B151BD69CBB00DCCFE4 /* PBXContainerItemProxy */;
		};
		81153B1A1BD69CC800DCCFE4 /* PBXTargetDependency */ = {
			isa = PBXTargetDependency;
			name = "Alamofire iOS";
			targetProxy = 81153B191BD69CC800DCCFE4 /* PBXContainerItemProxy */;
		};
/* End PBXTargetDependency section */

/* Begin PBXVariantGroup section */
		81153ADB1BD6887C00DCCFE4 /* Main.storyboard */ = {
			isa = PBXVariantGroup;
			children = (
				81153ADC1BD6887C00DCCFE4 /* Base */,
			);
			name = Main.storyboard;
			sourceTree = "<group>";
		};
		81153AE01BD6887C00DCCFE4 /* LaunchScreen.xib */ = {
			isa = PBXVariantGroup;
			children = (
				81153AE11BD6887C00DCCFE4 /* Base */,
			);
			name = LaunchScreen.xib;
			sourceTree = "<group>";
		};
/* End PBXVariantGroup section */

/* Begin XCBuildConfiguration section */
		81153AEF1BD6887C00DCCFE4 /* Debug */ = {
			isa = XCBuildConfiguration;
			buildSettings = {
				ALWAYS_SEARCH_USER_PATHS = NO;
				CLANG_CXX_LANGUAGE_STANDARD = "gnu++0x";
				CLANG_CXX_LIBRARY = "libc++";
				CLANG_ENABLE_MODULES = YES;
				CLANG_ENABLE_OBJC_ARC = YES;
				CLANG_WARN_BOOL_CONVERSION = YES;
				CLANG_WARN_CONSTANT_CONVERSION = YES;
				CLANG_WARN_DIRECT_OBJC_ISA_USAGE = YES_ERROR;
				CLANG_WARN_EMPTY_BODY = YES;
				CLANG_WARN_ENUM_CONVERSION = YES;
				CLANG_WARN_INT_CONVERSION = YES;
				CLANG_WARN_OBJC_ROOT_CLASS = YES_ERROR;
				CLANG_WARN_UNREACHABLE_CODE = YES;
				CLANG_WARN__DUPLICATE_METHOD_MATCH = YES;
				"CODE_SIGN_IDENTITY[sdk=iphoneos*]" = "iPhone Developer";
				COPY_PHASE_STRIP = NO;
				DEBUG_INFORMATION_FORMAT = "dwarf-with-dsym";
				ENABLE_STRICT_OBJC_MSGSEND = YES;
				GCC_C_LANGUAGE_STANDARD = gnu99;
				GCC_DYNAMIC_NO_PIC = NO;
				GCC_NO_COMMON_BLOCKS = YES;
				GCC_OPTIMIZATION_LEVEL = 0;
				GCC_PREPROCESSOR_DEFINITIONS = (
					"DEBUG=1",
					"$(inherited)",
				);
				GCC_SYMBOLS_PRIVATE_EXTERN = NO;
				GCC_WARN_64_TO_32_BIT_CONVERSION = YES;
				GCC_WARN_ABOUT_RETURN_TYPE = YES_ERROR;
				GCC_WARN_UNDECLARED_SELECTOR = YES;
				GCC_WARN_UNINITIALIZED_AUTOS = YES_AGGRESSIVE;
				GCC_WARN_UNUSED_FUNCTION = YES;
				GCC_WARN_UNUSED_VARIABLE = YES;
				IPHONEOS_DEPLOYMENT_TARGET = 8.3;
				MTL_ENABLE_DEBUG_INFO = YES;
				ONLY_ACTIVE_ARCH = YES;
				SDKROOT = iphoneos;
				SWIFT_OPTIMIZATION_LEVEL = "-Onone";
				TARGETED_DEVICE_FAMILY = "1,2";
			};
			name = Debug;
		};
		81153AF01BD6887C00DCCFE4 /* Release */ = {
			isa = XCBuildConfiguration;
			buildSettings = {
				ALWAYS_SEARCH_USER_PATHS = NO;
				CLANG_CXX_LANGUAGE_STANDARD = "gnu++0x";
				CLANG_CXX_LIBRARY = "libc++";
				CLANG_ENABLE_MODULES = YES;
				CLANG_ENABLE_OBJC_ARC = YES;
				CLANG_WARN_BOOL_CONVERSION = YES;
				CLANG_WARN_CONSTANT_CONVERSION = YES;
				CLANG_WARN_DIRECT_OBJC_ISA_USAGE = YES_ERROR;
				CLANG_WARN_EMPTY_BODY = YES;
				CLANG_WARN_ENUM_CONVERSION = YES;
				CLANG_WARN_INT_CONVERSION = YES;
				CLANG_WARN_OBJC_ROOT_CLASS = YES_ERROR;
				CLANG_WARN_UNREACHABLE_CODE = YES;
				CLANG_WARN__DUPLICATE_METHOD_MATCH = YES;
				"CODE_SIGN_IDENTITY[sdk=iphoneos*]" = "iPhone Developer";
				COPY_PHASE_STRIP = NO;
				DEBUG_INFORMATION_FORMAT = "dwarf-with-dsym";
				ENABLE_NS_ASSERTIONS = NO;
				ENABLE_STRICT_OBJC_MSGSEND = YES;
				GCC_C_LANGUAGE_STANDARD = gnu99;
				GCC_NO_COMMON_BLOCKS = YES;
				GCC_WARN_64_TO_32_BIT_CONVERSION = YES;
				GCC_WARN_ABOUT_RETURN_TYPE = YES_ERROR;
				GCC_WARN_UNDECLARED_SELECTOR = YES;
				GCC_WARN_UNINITIALIZED_AUTOS = YES_AGGRESSIVE;
				GCC_WARN_UNUSED_FUNCTION = YES;
				GCC_WARN_UNUSED_VARIABLE = YES;
				IPHONEOS_DEPLOYMENT_TARGET = 8.3;
				MTL_ENABLE_DEBUG_INFO = NO;
				SDKROOT = iphoneos;
				TARGETED_DEVICE_FAMILY = "1,2";
				VALIDATE_PRODUCT = YES;
			};
			name = Release;
		};
		81153AF21BD6887C00DCCFE4 /* Debug */ = {
			isa = XCBuildConfiguration;
			buildSettings = {
				ASSETCATALOG_COMPILER_APPICON_NAME = AppIcon;
				INFOPLIST_FILE = AccountaBuddies/Info.plist;
				LD_RUNPATH_SEARCH_PATHS = "$(inherited) @executable_path/Frameworks";
				PRODUCT_NAME = "$(TARGET_NAME)";
			};
			name = Debug;
		};
		81153AF31BD6887C00DCCFE4 /* Release */ = {
			isa = XCBuildConfiguration;
			buildSettings = {
				ASSETCATALOG_COMPILER_APPICON_NAME = AppIcon;
				INFOPLIST_FILE = AccountaBuddies/Info.plist;
				LD_RUNPATH_SEARCH_PATHS = "$(inherited) @executable_path/Frameworks";
				PRODUCT_NAME = "$(TARGET_NAME)";
			};
			name = Release;
		};
		81153AF51BD6887C00DCCFE4 /* Debug */ = {
			isa = XCBuildConfiguration;
			buildSettings = {
				BUNDLE_LOADER = "$(TEST_HOST)";
				FRAMEWORK_SEARCH_PATHS = (
					"$(SDKROOT)/Developer/Library/Frameworks",
					"$(inherited)",
				);
				GCC_PREPROCESSOR_DEFINITIONS = (
					"DEBUG=1",
					"$(inherited)",
				);
				INFOPLIST_FILE = AccountaBuddiesTests/Info.plist;
				LD_RUNPATH_SEARCH_PATHS = "$(inherited) @executable_path/Frameworks @loader_path/Frameworks";
				PRODUCT_NAME = "$(TARGET_NAME)";
				TEST_HOST = "$(BUILT_PRODUCTS_DIR)/AccountaBuddies.app/AccountaBuddies";
			};
			name = Debug;
		};
		81153AF61BD6887C00DCCFE4 /* Release */ = {
			isa = XCBuildConfiguration;
			buildSettings = {
				BUNDLE_LOADER = "$(TEST_HOST)";
				FRAMEWORK_SEARCH_PATHS = (
					"$(SDKROOT)/Developer/Library/Frameworks",
					"$(inherited)",
				);
				INFOPLIST_FILE = AccountaBuddiesTests/Info.plist;
				LD_RUNPATH_SEARCH_PATHS = "$(inherited) @executable_path/Frameworks @loader_path/Frameworks";
				PRODUCT_NAME = "$(TARGET_NAME)";
				TEST_HOST = "$(BUILT_PRODUCTS_DIR)/AccountaBuddies.app/AccountaBuddies";
			};
			name = Release;
		};
/* End XCBuildConfiguration section */

/* Begin XCConfigurationList section */
		81153ACD1BD6887C00DCCFE4 /* Build configuration list for PBXProject "AccountaBuddies" */ = {
			isa = XCConfigurationList;
			buildConfigurations = (
				81153AEF1BD6887C00DCCFE4 /* Debug */,
				81153AF01BD6887C00DCCFE4 /* Release */,
			);
			defaultConfigurationIsVisible = 0;
			defaultConfigurationName = Release;
		};
		81153AF11BD6887C00DCCFE4 /* Build configuration list for PBXNativeTarget "AccountaBuddies" */ = {
			isa = XCConfigurationList;
			buildConfigurations = (
				81153AF21BD6887C00DCCFE4 /* Debug */,
				81153AF31BD6887C00DCCFE4 /* Release */,
			);
			defaultConfigurationIsVisible = 0;
			defaultConfigurationName = Release;
		};
		81153AF41BD6887C00DCCFE4 /* Build configuration list for PBXNativeTarget "AccountaBuddiesTests" */ = {
			isa = XCConfigurationList;
			buildConfigurations = (
				81153AF51BD6887C00DCCFE4 /* Debug */,
				81153AF61BD6887C00DCCFE4 /* Release */,
			);
			defaultConfigurationIsVisible = 0;
			defaultConfigurationName = Release;
		};
/* End XCConfigurationList section */
	};
	rootObject = 81153ACA1BD6887C00DCCFE4 /* Project object */;
}
